
Microsoft Visual Studio Solution File, Format Version 12.00
# Visual Studio Version 17
VisualStudioVersion = 17.4.33110.190
MinimumVisualStudioVersion = 10.0.40219.1
Project("{FAE04EC0-301F-11D3-BF4B-00C04F79EFBC}") = "recursion", "recursion\recursion.csproj", "{C363EAED-85F1-4C44-9D26-A1C70B10F31B}"
EndProject
Global
	GlobalSection(SolutionConfigurationPlatforms) = preSolution
		Debug|Any CPU = Debug|Any CPU
		Release|Any CPU = Release|Any CPU
	EndGlobalSection
	GlobalSection(ProjectConfigurationPlatforms) = postSolution
		{C363EAED-85F1-4C44-9D26-A1C70B10F31B}.Debug|Any CPU.ActiveCfg = Debug|Any CPU
		{C363EAED-85F1-4C44-9D26-A1C70B10F31B}.Debug|Any CPU.Build.0 = Debug|Any CPU
		{C363EAED-85F1-4C44-9D26-A1C70B10F31B}.Release|Any CPU.ActiveCfg = Release|Any CPU
		{C363EAED-85F1-4C44-9D26-A1C70B10F31B}.Release|Any CPU.Build.0 = Release|Any CPU
	EndGlobalSection
	GlobalSection(SolutionProperties) = preSolution
		HideSolutionNode = FALSE
	EndGlobalSection
	GlobalSection(ExtensibilityGlobals) = postSolution
		SolutionGuid = {08B4D276-14B8-4988-BB50-7D1874C50220}
	EndGlobalSection
EndGlobal
